
Microsoft Visual Studio Solution File, Format Version 12.00
# Visual Studio Version 16
VisualStudioVersion = 16.0.31702.278
MinimumVisualStudioVersion = 10.0.40219.1
Project("{FAE04EC0-301F-11D3-BF4B-00C04F79EFBC}") = "HardwareMonitorService", "HardwareMonitorService.csproj", "{A2BAC721-DEDD-40DF-A91D-AE5347E98F8A}"
EndProject
Global
	GlobalSection(SolutionConfigurationPlatforms) = preSolution
		Debug|Any CPU = Debug|Any CPU
		Release|Any CPU = Release|Any CPU
	EndGlobalSection
	GlobalSection(ProjectConfigurationPlatforms) = postSolution
		{A2BAC721-DEDD-40DF-A91D-AE5347E98F8A}.Debug|Any CPU.ActiveCfg = Debug|Any CPU
		{A2BAC721-DEDD-40DF-A91D-AE5347E98F8A}.Debug|Any CPU.Build.0 = Debug|Any CPU
		{A2BAC721-DEDD-40DF-A91D-AE5347E98F8A}.Release|Any CPU.ActiveCfg = Release|Any CPU
		{A2BAC721-DEDD-40DF-A91D-AE5347E98F8A}.Release|Any CPU.Build.0 = Release|Any CPU
	EndGlobalSection
	GlobalSection(SolutionProperties) = preSolution
		HideSolutionNode = FALSE
	EndGlobalSection
	GlobalSection(ExtensibilityGlobals) = postSolution
		SolutionGuid = {BCB4D1DC-08E0-4B6C-986B-8D19E46E9F41}
	EndGlobalSection
EndGlobal
